
Microsoft Visual Studio Solution File, Format Version 12.00
# Visual Studio Version 17
VisualStudioVersion = 17.9.34723.18
MinimumVisualStudioVersion = 10.0.40219.1
Project("{FAE04EC0-301F-11D3-BF4B-00C04F79EFBC}") = "InventoryManagementSystem", "InventoryManagementSystem\InventoryManagementSystem.csproj", "{D2F60895-522A-4431-AC83-0B5B81060949}"
EndProject
Global
	GlobalSection(SolutionConfigurationPlatforms) = preSolution
		Debug|Any CPU = Debug|Any CPU
		Release|Any CPU = Release|Any CPU
	EndGlobalSection
	GlobalSection(ProjectConfigurationPlatforms) = postSolution
		{D2F60895-522A-4431-AC83-0B5B81060949}.Debug|Any CPU.ActiveCfg = Debug|Any CPU
		{D2F60895-522A-4431-AC83-0B5B81060949}.Debug|Any CPU.Build.0 = Debug|Any CPU
		{D2F60895-522A-4431-AC83-0B5B81060949}.Release|Any CPU.ActiveCfg = Release|Any CPU
		{D2F60895-522A-4431-AC83-0B5B81060949}.Release|Any CPU.Build.0 = Release|Any CPU
	EndGlobalSection
	GlobalSection(SolutionProperties) = preSolution
		HideSolutionNode = FALSE
	EndGlobalSection
	GlobalSection(ExtensibilityGlobals) = postSolution
		SolutionGuid = {E7D12083-308C-4DA9-8926-3E1AAFE05FF2}
	EndGlobalSection
EndGlobal
